
Microsoft Visual Studio Solution File, Format Version 12.00
# Visual Studio Version 16
VisualStudioVersion = 16.0.30413.136
MinimumVisualStudioVersion = 10.0.40219.1
Project("{FAE04EC0-301F-11D3-BF4B-00C04F79EFBC}") = "ServiceBus", "ServiceBus\ServiceBus.csproj", "{B8934273-4954-4894-A07C-21BC6FA26B46}"
EndProject
Global
	GlobalSection(SolutionConfigurationPlatforms) = preSolution
		Debug|Any CPU = Debug|Any CPU
		Release|Any CPU = Release|Any CPU
	EndGlobalSection
	GlobalSection(ProjectConfigurationPlatforms) = postSolution
		{B8934273-4954-4894-A07C-21BC6FA26B46}.Debug|Any CPU.ActiveCfg = Debug|Any CPU
		{B8934273-4954-4894-A07C-21BC6FA26B46}.Debug|Any CPU.Build.0 = Debug|Any CPU
		{B8934273-4954-4894-A07C-21BC6FA26B46}.Release|Any CPU.ActiveCfg = Release|Any CPU
		{B8934273-4954-4894-A07C-21BC6FA26B46}.Release|Any CPU.Build.0 = Release|Any CPU
	EndGlobalSection
	GlobalSection(SolutionProperties) = preSolution
		HideSolutionNode = FALSE
	EndGlobalSection
	GlobalSection(ExtensibilityGlobals) = postSolution
		SolutionGuid = {22A69F62-15D6-40B3-84CE-B779E28EB476}
	EndGlobalSection
EndGlobal
